
Microsoft Visual Studio Solution File, Format Version 12.00
# Visual Studio Version 16
VisualStudioVersion = 16.0.30320.27
MinimumVisualStudioVersion = 10.0.40219.1
Project("{FAE04EC0-301F-11D3-BF4B-00C04F79EFBC}") = "AmigosAaresentacao", "AmigosAaresentacao\AmigosAaresentacao.csproj", "{5ECF0EC4-9A89-4F4D-BA73-A4FF37E0E564}"
EndProject
Project("{FAE04EC0-301F-11D3-BF4B-00C04F79EFBC}") = "AmigosDominio", "AmigosDominio\AmigosDominio.csproj", "{BB75137B-1978-476D-A6F3-08FE20D2691D}"
EndProject
Project("{FAE04EC0-301F-11D3-BF4B-00C04F79EFBC}") = "AmigosDados", "AmigosDados\AmigosDados.csproj", "{D0DE5DB5-DFB5-4D8D-B50E-FF1727C6D7B2}"
EndProject
Global
	GlobalSection(SolutionConfigurationPlatforms) = preSolution
		Debug|Any CPU = Debug|Any CPU
		Release|Any CPU = Release|Any CPU
	EndGlobalSection
	GlobalSection(ProjectConfigurationPlatforms) = postSolution
		{5ECF0EC4-9A89-4F4D-BA73-A4FF37E0E564}.Debug|Any CPU.ActiveCfg = Debug|Any CPU
		{5ECF0EC4-9A89-4F4D-BA73-A4FF37E0E564}.Debug|Any CPU.Build.0 = Debug|Any CPU
		{5ECF0EC4-9A89-4F4D-BA73-A4FF37E0E564}.Release|Any CPU.ActiveCfg = Release|Any CPU
		{5ECF0EC4-9A89-4F4D-BA73-A4FF37E0E564}.Release|Any CPU.Build.0 = Release|Any CPU
		{BB75137B-1978-476D-A6F3-08FE20D2691D}.Debug|Any CPU.ActiveCfg = Debug|Any CPU
		{BB75137B-1978-476D-A6F3-08FE20D2691D}.Debug|Any CPU.Build.0 = Debug|Any CPU
		{BB75137B-1978-476D-A6F3-08FE20D2691D}.Release|Any CPU.ActiveCfg = Release|Any CPU
		{BB75137B-1978-476D-A6F3-08FE20D2691D}.Release|Any CPU.Build.0 = Release|Any CPU
		{D0DE5DB5-DFB5-4D8D-B50E-FF1727C6D7B2}.Debug|Any CPU.ActiveCfg = Debug|Any CPU
		{D0DE5DB5-DFB5-4D8D-B50E-FF1727C6D7B2}.Debug|Any CPU.Build.0 = Debug|Any CPU
		{D0DE5DB5-DFB5-4D8D-B50E-FF1727C6D7B2}.Release|Any CPU.ActiveCfg = Release|Any CPU
		{D0DE5DB5-DFB5-4D8D-B50E-FF1727C6D7B2}.Release|Any CPU.Build.0 = Release|Any CPU
	EndGlobalSection
	GlobalSection(SolutionProperties) = preSolution
		HideSolutionNode = FALSE
	EndGlobalSection
	GlobalSection(ExtensibilityGlobals) = postSolution
		SolutionGuid = {BE63571B-9A30-4E94-BA0B-8D1F8E4EA0B3}
	EndGlobalSection
EndGlobal
